
Microsoft Visual Studio Solution File, Format Version 12.00
# Visual Studio Version 17
VisualStudioVersion = 17.11.35327.3
MinimumVisualStudioVersion = 10.0.40219.1
Project("{FAE04EC0-301F-11D3-BF4B-00C04F79EFBC}") = "lab05.GUI", "lab05\lab05.GUI.csproj", "{26F7A23A-5EB3-4BBB-9D95-97CDBDAFB2DB}"
EndProject
Project("{FAE04EC0-301F-11D3-BF4B-00C04F79EFBC}") = "lab05.BUS", "lab05.BUS\lab05.BUS.csproj", "{C884240B-7042-43F1-A365-EF2622BBB343}"
EndProject
Project("{FAE04EC0-301F-11D3-BF4B-00C04F79EFBC}") = "lab05.DAL", "lab05.DAL\lab05.DAL.csproj", "{5522A412-EC26-4696-8012-AEBA5B5BE18D}"
EndProject
Global
	GlobalSection(SolutionConfigurationPlatforms) = preSolution
		Debug|Any CPU = Debug|Any CPU
		Release|Any CPU = Release|Any CPU
	EndGlobalSection
	GlobalSection(ProjectConfigurationPlatforms) = postSolution
		{26F7A23A-5EB3-4BBB-9D95-97CDBDAFB2DB}.Debug|Any CPU.ActiveCfg = Debug|Any CPU
		{26F7A23A-5EB3-4BBB-9D95-97CDBDAFB2DB}.Debug|Any CPU.Build.0 = Debug|Any CPU
		{26F7A23A-5EB3-4BBB-9D95-97CDBDAFB2DB}.Release|Any CPU.ActiveCfg = Release|Any CPU
		{26F7A23A-5EB3-4BBB-9D95-97CDBDAFB2DB}.Release|Any CPU.Build.0 = Release|Any CPU
		{C884240B-7042-43F1-A365-EF2622BBB343}.Debug|Any CPU.ActiveCfg = Debug|Any CPU
		{C884240B-7042-43F1-A365-EF2622BBB343}.Debug|Any CPU.Build.0 = Debug|Any CPU
		{C884240B-7042-43F1-A365-EF2622BBB343}.Release|Any CPU.ActiveCfg = Release|Any CPU
		{C884240B-7042-43F1-A365-EF2622BBB343}.Release|Any CPU.Build.0 = Release|Any CPU
		{5522A412-EC26-4696-8012-AEBA5B5BE18D}.Debug|Any CPU.ActiveCfg = Debug|Any CPU
		{5522A412-EC26-4696-8012-AEBA5B5BE18D}.Debug|Any CPU.Build.0 = Debug|Any CPU
		{5522A412-EC26-4696-8012-AEBA5B5BE18D}.Release|Any CPU.ActiveCfg = Release|Any CPU
		{5522A412-EC26-4696-8012-AEBA5B5BE18D}.Release|Any CPU.Build.0 = Release|Any CPU
	EndGlobalSection
	GlobalSection(SolutionProperties) = preSolution
		HideSolutionNode = FALSE
	EndGlobalSection
	GlobalSection(ExtensibilityGlobals) = postSolution
		SolutionGuid = {3AD3C3A7-964C-4F60-9F65-2D9B438AA180}
	EndGlobalSection
EndGlobal
